
Microsoft Visual Studio Solution File, Format Version 12.00
# Visual Studio Version 16
VisualStudioVersion = 16.0.29709.97
MinimumVisualStudioVersion = 10.0.40219.1
Project("{FAE04EC0-301F-11D3-BF4B-00C04F79EFBC}") = "HelloWorld", "HelloWorld.csproj", "{B681CB91-9CEF-463B-B6AD-B35986FAF66B}"
EndProject
Global
	GlobalSection(SolutionConfigurationPlatforms) = preSolution
		Debug|Any CPU = Debug|Any CPU
		Release|Any CPU = Release|Any CPU
	EndGlobalSection
	GlobalSection(ProjectConfigurationPlatforms) = postSolution
		{B681CB91-9CEF-463B-B6AD-B35986FAF66B}.Debug|Any CPU.ActiveCfg = Debug|Any CPU
		{B681CB91-9CEF-463B-B6AD-B35986FAF66B}.Debug|Any CPU.Build.0 = Debug|Any CPU
		{B681CB91-9CEF-463B-B6AD-B35986FAF66B}.Release|Any CPU.ActiveCfg = Release|Any CPU
		{B681CB91-9CEF-463B-B6AD-B35986FAF66B}.Release|Any CPU.Build.0 = Release|Any CPU
	EndGlobalSection
	GlobalSection(SolutionProperties) = preSolution
		HideSolutionNode = FALSE
	EndGlobalSection
	GlobalSection(ExtensibilityGlobals) = postSolution
		SolutionGuid = {FEDA8672-250C-497E-BD01-D210495A2DEA}
	EndGlobalSection
EndGlobal
